// !$*UTF8*$!
{
	archiveVersion = 1;
	classes = {
	};
	objectVersion = 50;
	objects = {

/* Begin PBXBuildFile section */
		A93FC32320EE7E8900C12F4B /* Type.swift in Sources */ = {isa = PBXBuildFile; fileRef = A93FC32220EE7E8900C12F4B /* Type.swift */; };
		A93FC32520F06C0600C12F4B /* FlexBoxView.swift in Sources */ = {isa = PBXBuildFile; fileRef = A93FC32420F06C0600C12F4B /* FlexBoxView.swift */; };
		A9B1C77620ED1BE500A11593 /* Box.h in Headers */ = {isa = PBXBuildFile; fileRef = A9B1C77420ED1BE500A11593 /* Box.h */; settings = {ATTRIBUTES = (Public, ); }; };
		A9B1C78320ED1BF400A11593 /* AppDelegate.swift in Sources */ = {isa = PBXBuildFile; fileRef = A9B1C78220ED1BF400A11593 /* AppDelegate.swift */; };
		A9B1C78520ED1BF400A11593 /* ViewController.swift in Sources */ = {isa = PBXBuildFile; fileRef = A9B1C78420ED1BF400A11593 /* ViewController.swift */; };
		A9B1C78820ED1BF400A11593 /* Main.storyboard in Resources */ = {isa = PBXBuildFile; fileRef = A9B1C78620ED1BF400A11593 /* Main.storyboard */; };
		A9B1C78A20ED1BF600A11593 /* Assets.xcassets in Resources */ = {isa = PBXBuildFile; fileRef = A9B1C78920ED1BF600A11593 /* Assets.xcassets */; };
		A9B1C78D20ED1BF600A11593 /* LaunchScreen.storyboard in Resources */ = {isa = PBXBuildFile; fileRef = A9B1C78B20ED1BF600A11593 /* LaunchScreen.storyboard */; };
		A9B1C79220ED1C4200A11593 /* Box.framework in Frameworks */ = {isa = PBXBuildFile; fileRef = A9B1C77120ED1BE500A11593 /* Box.framework */; };
		A9B1C79320ED1C4200A11593 /* Box.framework in Embed Frameworks */ = {isa = PBXBuildFile; fileRef = A9B1C77120ED1BE500A11593 /* Box.framework */; settings = {ATTRIBUTES = (CodeSignOnCopy, RemoveHeadersOnCopy, ); }; };
		A9B1C79820ED1C8900A11593 /* FlexBox.swift in Sources */ = {isa = PBXBuildFile; fileRef = A9B1C79720ED1C8900A11593 /* FlexBox.swift */; };
		A9F0A3BA20F0FC5100365C8F /* BlockBox.swift in Sources */ = {isa = PBXBuildFile; fileRef = A93FC32020EE7E7D00C12F4B /* BlockBox.swift */; };
/* End PBXBuildFile section */

/* Begin PBXContainerItemProxy section */
		A9B1C79420ED1C4200A11593 /* PBXContainerItemProxy */ = {
			isa = PBXContainerItemProxy;
			containerPortal = A9B1C76820ED1BE500A11593 /* Project object */;
			proxyType = 1;
			remoteGlobalIDString = A9B1C77020ED1BE500A11593;
			remoteInfo = Box;
		};
/* End PBXContainerItemProxy section */

/* Begin PBXCopyFilesBuildPhase section */
		A9B1C79620ED1C4200A11593 /* Embed Frameworks */ = {
			isa = PBXCopyFilesBuildPhase;
			buildActionMask = 2147483647;
			dstPath = "";
			dstSubfolderSpec = 10;
			files = (
				A9B1C79320ED1C4200A11593 /* Box.framework in Embed Frameworks */,
			);
			name = "Embed Frameworks";
			runOnlyForDeploymentPostprocessing = 0;
		};
/* End PBXCopyFilesBuildPhase section */

/* Begin PBXFileReference section */
		A93FC32020EE7E7D00C12F4B /* BlockBox.swift */ = {isa = PBXFileReference; lastKnownFileType = sourcecode.swift; path = BlockBox.swift; sourceTree = "<group>"; };
		A93FC32220EE7E8900C12F4B /* Type.swift */ = {isa = PBXFileReference; lastKnownFileType = sourcecode.swift; path = Type.swift; sourceTree = "<group>"; };
		A93FC32420F06C0600C12F4B /* FlexBoxView.swift */ = {isa = PBXFileReference; lastKnownFileType = sourcecode.swift; path = FlexBoxView.swift; sourceTree = "<group>"; };
		A9B1C77120ED1BE500A11593 /* Box.framework */ = {isa = PBXFileReference; explicitFileType = wrapper.framework; includeInIndex = 0; path = Box.framework; sourceTree = BUILT_PRODUCTS_DIR; };
		A9B1C77420ED1BE500A11593 /* Box.h */ = {isa = PBXFileReference; lastKnownFileType = sourcecode.c.h; path = Box.h; sourceTree = "<group>"; };
		A9B1C77520ED1BE500A11593 /* Info.plist */ = {isa = PBXFileReference; lastKnownFileType = text.plist.xml; path = Info.plist; sourceTree = "<group>"; };
		A9B1C78020ED1BF400A11593 /* demo.app */ = {isa = PBXFileReference; explicitFileType = wrapper.application; includeInIndex = 0; path = demo.app; sourceTree = BUILT_PRODUCTS_DIR; };
		A9B1C78220ED1BF400A11593 /* AppDelegate.swift */ = {isa = PBXFileReference; lastKnownFileType = sourcecode.swift; path = AppDelegate.swift; sourceTree = "<group>"; };
		A9B1C78420ED1BF400A11593 /* ViewController.swift */ = {isa = PBXFileReference; lastKnownFileType = sourcecode.swift; path = ViewController.swift; sourceTree = "<group>"; };
		A9B1C78720ED1BF400A11593 /* Base */ = {isa = PBXFileReference; lastKnownFileType = file.storyboard; name = Base; path = Base.lproj/Main.storyboard; sourceTree = "<group>"; };
		A9B1C78920ED1BF600A11593 /* Assets.xcassets */ = {isa = PBXFileReference; lastKnownFileType = folder.assetcatalog; path = Assets.xcassets; sourceTree = "<group>"; };
		A9B1C78C20ED1BF600A11593 /* Base */ = {isa = PBXFileReference; lastKnownFileType = file.storyboard; name = Base; path = Base.lproj/LaunchScreen.storyboard; sourceTree = "<group>"; };
		A9B1C78E20ED1BF600A11593 /* Info.plist */ = {isa = PBXFileReference; lastKnownFileType = text.plist.xml; path = Info.plist; sourceTree = "<group>"; };
		A9B1C79720ED1C8900A11593 /* FlexBox.swift */ = {isa = PBXFileReference; lastKnownFileType = sourcecode.swift; path = FlexBox.swift; sourceTree = "<group>"; };
/* End PBXFileReference section */

/* Begin PBXFrameworksBuildPhase section */
		A9B1C76D20ED1BE500A11593 /* Frameworks */ = {
			isa = PBXFrameworksBuildPhase;
			buildActionMask = 2147483647;
			files = (
			);
			runOnlyForDeploymentPostprocessing = 0;
		};
		A9B1C77D20ED1BF400A11593 /* Frameworks */ = {
			isa = PBXFrameworksBuildPhase;
			buildActionMask = 2147483647;
			files = (
				A9B1C79220ED1C4200A11593 /* Box.framework in Frameworks */,
			);
			runOnlyForDeploymentPostprocessing = 0;
		};
/* End PBXFrameworksBuildPhase section */

/* Begin PBXGroup section */
		A9B1C76720ED1BE500A11593 = {
			isa = PBXGroup;
			children = (
				A9B1C77320ED1BE500A11593 /* Box */,
				A9B1C78120ED1BF400A11593 /* demo */,
				A9B1C77220ED1BE500A11593 /* Products */,
			);
			sourceTree = "<group>";
		};
		A9B1C77220ED1BE500A11593 /* Products */ = {
			isa = PBXGroup;
			children = (
				A9B1C77120ED1BE500A11593 /* Box.framework */,
				A9B1C78020ED1BF400A11593 /* demo.app */,
			);
			name = Products;
			sourceTree = "<group>";
		};
		A9B1C77320ED1BE500A11593 /* Box */ = {
			isa = PBXGroup;
			children = (
				A9B1C77420ED1BE500A11593 /* Box.h */,
				A9B1C77520ED1BE500A11593 /* Info.plist */,
				A9B1C79720ED1C8900A11593 /* FlexBox.swift */,
				A93FC32020EE7E7D00C12F4B /* BlockBox.swift */,
				A93FC32220EE7E8900C12F4B /* Type.swift */,
				A93FC32420F06C0600C12F4B /* FlexBoxView.swift */,
			);
			path = Box;
			sourceTree = "<group>";
		};
		A9B1C78120ED1BF400A11593 /* demo */ = {
			isa = PBXGroup;
			children = (
				A9B1C78220ED1BF400A11593 /* AppDelegate.swift */,
				A9B1C78420ED1BF400A11593 /* ViewController.swift */,
				A9B1C78620ED1BF400A11593 /* Main.storyboard */,
				A9B1C78920ED1BF600A11593 /* Assets.xcassets */,
				A9B1C78B20ED1BF600A11593 /* LaunchScreen.storyboard */,
				A9B1C78E20ED1BF600A11593 /* Info.plist */,
			);
			path = demo;
			sourceTree = "<group>";
		};
/* End PBXGroup section */

/* Begin PBXHeadersBuildPhase section */
		A9B1C76E20ED1BE500A11593 /* Headers */ = {
			isa = PBXHeadersBuildPhase;
			buildActionMask = 2147483647;
			files = (
				A9B1C77620ED1BE500A11593 /* Box.h in Headers */,
			);
			runOnlyForDeploymentPostprocessing = 0;
		};
/* End PBXHeadersBuildPhase section */

/* Begin PBXNativeTarget section */
		A9B1C77020ED1BE500A11593 /* Box */ = {
			isa = PBXNativeTarget;
			buildConfigurationList = A9B1C77920ED1BE500A11593 /* Build configuration list for PBXNativeTarget "Box" */;
			buildPhases = (
				A9B1C76C20ED1BE500A11593 /* Sources */,
				A9B1C76D20ED1BE500A11593 /* Frameworks */,
				A9B1C76E20ED1BE500A11593 /* Headers */,
				A9B1C76F20ED1BE500A11593 /* Resources */,
			);
			buildRules = (
			);
			dependencies = (
			);
			name = Box;
			productName = Box;
			productReference = A9B1C77120ED1BE500A11593 /* Box.framework */;
			productType = "com.apple.product-type.framework";
		};
		A9B1C77F20ED1BF400A11593 /* demo */ = {
			isa = PBXNativeTarget;
			buildConfigurationList = A9B1C78F20ED1BF600A11593 /* Build configuration list for PBXNativeTarget "demo" */;
			buildPhases = (
				A9B1C77C20ED1BF400A11593 /* Sources */,
				A9B1C77D20ED1BF400A11593 /* Frameworks */,
				A9B1C77E20ED1BF400A11593 /* Resources */,
				A9B1C79620ED1C4200A11593 /* Embed Frameworks */,
			);
			buildRules = (
			);
			dependencies = (
				A9B1C79520ED1C4200A11593 /* PBXTargetDependency */,
			);
			name = demo;
			productName = demo;
			productReference = A9B1C78020ED1BF400A11593 /* demo.app */;
			productType = "com.apple.product-type.application";
		};
/* End PBXNativeTarget section */

/* Begin PBXProject section */
		A9B1C76820ED1BE500A11593 /* Project object */ = {
			isa = PBXProject;
			attributes = {
				LastSwiftUpdateCheck = 0940;
				LastUpgradeCheck = 0940;
				ORGANIZATIONNAME = "hao yin";
				TargetAttributes = {
					A9B1C77020ED1BE500A11593 = {
						CreatedOnToolsVersion = 9.4.1;
						LastSwiftMigration = 0940;
					};
					A9B1C77F20ED1BF400A11593 = {
						CreatedOnToolsVersion = 9.4.1;
					};
				};
			};
			buildConfigurationList = A9B1C76B20ED1BE500A11593 /* Build configuration list for PBXProject "Box" */;
			compatibilityVersion = "Xcode 9.3";
			developmentRegion = en;
			hasScannedForEncodings = 0;
			knownRegions = (
				en,
				Base,
			);
			mainGroup = A9B1C76720ED1BE500A11593;
			productRefGroup = A9B1C77220ED1BE500A11593 /* Products */;
			projectDirPath = "";
			projectRoot = "";
			targets = (
				A9B1C77020ED1BE500A11593 /* Box */,
				A9B1C77F20ED1BF400A11593 /* demo */,
			);
		};
/* End PBXProject section */

/* Begin PBXResourcesBuildPhase section */
		A9B1C76F20ED1BE500A11593 /* Resources */ = {
			isa = PBXResourcesBuildPhase;
			buildActionMask = 2147483647;
			files = (
			);
			runOnlyForDeploymentPostprocessing = 0;
		};
		A9B1C77E20ED1BF400A11593 /* Resources */ = {
			isa = PBXResourcesBuildPhase;
			buildActionMask = 2147483647;
			files = (
				A9B1C78D20ED1BF600A11593 /* LaunchScreen.storyboard in Resources */,
				A9B1C78A20ED1BF600A11593 /* Assets.xcassets in Resources */,
				A9B1C78820ED1BF400A11593 /* Main.storyboard in Resources */,
			);
			runOnlyForDeploymentPostprocessing = 0;
		};
/* End PBXResourcesBuildPhase section */

/* Begin PBXSourcesBuildPhase section */
		A9B1C76C20ED1BE500A11593 /* Sources */ = {
			isa = PBXSourcesBuildPhase;
			buildActionMask = 2147483647;
			files = (
				A9B1C79820ED1C8900A11593 /* FlexBox.swift in Sources */,
				A9F0A3BA20F0FC5100365C8F /* BlockBox.swift in Sources */,
				A93FC32320EE7E8900C12F4B /* Type.swift in Sources */,
				A93FC32520F06C0600C12F4B /* FlexBoxView.swift in Sources */,
			);
			runOnlyForDeploymentPostprocessing = 0;
		};
		A9B1C77C20ED1BF400A11593 /* Sources */ = {
			isa = PBXSourcesBuildPhase;
			buildActionMask = 2147483647;
			files = (
				A9B1C78520ED1BF400A11593 /* ViewController.swift in Sources */,
				A9B1C78320ED1BF400A11593 /* AppDelegate.swift in Sources */,
			);
			runOnlyForDeploymentPostprocessing = 0;
		};
/* End PBXSourcesBuildPhase section */

/* Begin PBXTargetDependency section */
		A9B1C79520ED1C4200A11593 /* PBXTargetDependency */ = {
			isa = PBXTargetDependency;
			target = A9B1C77020ED1BE500A11593 /* Box */;
			targetProxy = A9B1C79420ED1C4200A11593 /* PBXContainerItemProxy */;
		};
/* End PBXTargetDependency section */

/* Begin PBXVariantGroup section */
		A9B1C78620ED1BF400A11593 /* Main.storyboard */ = {
			isa = PBXVariantGroup;
			children = (
				A9B1C78720ED1BF400A11593 /* Base */,
			);
			name = Main.storyboard;
			sourceTree = "<group>";
		};
		A9B1C78B20ED1BF600A11593 /* LaunchScreen.storyboard */ = {
			isa = PBXVariantGroup;
			children = (
				A9B1C78C20ED1BF600A11593 /* Base */,
			);
			name = LaunchScreen.storyboard;
			sourceTree = "<group>";
		};
/* End PBXVariantGroup section */

/* Begin XCBuildConfiguration section */
		A9B1C77720ED1BE500A11593 /* Debug */ = {
			isa = XCBuildConfiguration;
			buildSettings = {
				ALWAYS_SEARCH_USER_PATHS = NO;
				CLANG_ANALYZER_NONNULL = YES;
				CLANG_ANALYZER_NUMBER_OBJECT_CONVERSION = YES_AGGRESSIVE;
				CLANG_CXX_LANGUAGE_STANDARD = "gnu++14";
				CLANG_CXX_LIBRARY = "libc++";
				CLANG_ENABLE_MODULES = YES;
				CLANG_ENABLE_OBJC_ARC = YES;
				CLANG_ENABLE_OBJC_WEAK = YES;
				CLANG_WARN_BLOCK_CAPTURE_AUTORELEASING = YES;
				CLANG_WARN_BOOL_CONVERSION = YES;
				CLANG_WARN_COMMA = YES;
				CLANG_WARN_CONSTANT_CONVERSION = YES;
				CLANG_WARN_DEPRECATED_OBJC_IMPLEMENTATIONS = YES;
				CLANG_WARN_DIRECT_OBJC_ISA_USAGE = YES_ERROR;
				CLANG_WARN_DOCUMENTATION_COMMENTS = YES;
				CLANG_WARN_EMPTY_BODY = YES;
				CLANG_WARN_ENUM_CONVERSION = YES;
				CLANG_WARN_INFINITE_RECURSION = YES;
				CLANG_WARN_INT_CONVERSION = YES;
				CLANG_WARN_NON_LITERAL_NULL_CONVERSION = YES;
				CLANG_WARN_OBJC_IMPLICIT_RETAIN_SELF = YES;
				CLANG_WARN_OBJC_LITERAL_CONVERSION = YES;
				CLANG_WARN_OBJC_ROOT_CLASS = YES_ERROR;
				CLANG_WARN_RANGE_LOOP_ANALYSIS = YES;
				CLANG_WARN_STRICT_PROTOTYPES = YES;
				CLANG_WARN_SUSPICIOUS_MOVE = YES;
				CLANG_WARN_UNGUARDED_AVAILABILITY = YES_AGGRESSIVE;
				CLANG_WARN_UNREACHABLE_CODE = YES;
				CLANG_WARN__DUPLICATE_METHOD_MATCH = YES;
				CODE_SIGN_IDENTITY = "iPhone Developer";
				COPY_PHASE_STRIP = NO;
				CURRENT_PROJECT_VERSION = 1;
				DEBUG_INFORMATION_FORMAT = dwarf;
				ENABLE_STRICT_OBJC_MSGSEND = YES;
				ENABLE_TESTABILITY = YES;
				GCC_C_LANGUAGE_STANDARD = gnu11;
				GCC_DYNAMIC_NO_PIC = NO;
				GCC_NO_COMMON_BLOCKS = YES;
				GCC_OPTIMIZATION_LEVEL = 0;
				GCC_PREPROCESSOR_DEFINITIONS = (
					"DEBUG=1",
					"$(inherited)",
				);
				GCC_WARN_64_TO_32_BIT_CONVERSION = YES;
				GCC_WARN_ABOUT_RETURN_TYPE = YES_ERROR;
				GCC_WARN_UNDECLARED_SELECTOR = YES;
				GCC_WARN_UNINITIALIZED_AUTOS = YES_AGGRESSIVE;
				GCC_WARN_UNUSED_FUNCTION = YES;
				GCC_WARN_UNUSED_VARIABLE = YES;
				IPHONEOS_DEPLOYMENT_TARGET = 11.4;
				MTL_ENABLE_DEBUG_INFO = YES;
				ONLY_ACTIVE_ARCH = YES;
				SDKROOT = iphoneos;
				SWIFT_ACTIVE_COMPILATION_CONDITIONS = DEBUG;
				SWIFT_OPTIMIZATION_LEVEL = "-Onone";
				VERSIONING_SYSTEM = "apple-generic";
				VERSION_INFO_PREFIX = "";
			};
			name = Debug;
		};
		A9B1C77820ED1BE500A11593 /* Release */ = {
			isa = XCBuildConfiguration;
			buildSettings = {
				ALWAYS_SEARCH_USER_PATHS = NO;
				CLANG_ANALYZER_NONNULL = YES;
				CLANG_ANALYZER_NUMBER_OBJECT_CONVERSION = YES_AGGRESSIVE;
				CLANG_CXX_LANGUAGE_STANDARD = "gnu++14";
				CLANG_CXX_LIBRARY = "libc++";
				CLANG_ENABLE_MODULES = YES;
				CLANG_ENABLE_OBJC_ARC = YES;
				CLANG_ENABLE_OBJC_WEAK = YES;
				CLANG_WARN_BLOCK_CAPTURE_AUTORELEASING = YES;
				CLANG_WARN_BOOL_CONVERSION = YES;
				CLANG_WARN_COMMA = YES;
				CLANG_WARN_CONSTANT_CONVERSION = YES;
				CLANG_WARN_DEPRECATED_OBJC_IMPLEMENTATIONS = YES;
				CLANG_WARN_DIRECT_OBJC_ISA_USAGE = YES_ERROR;
				CLANG_WARN_DOCUMENTATION_COMMENTS = YES;
				CLANG_WARN_EMPTY_BODY = YES;
				CLANG_WARN_ENUM_CONVERSION = YES;
				CLANG_WARN_INFINITE_RECURSION = YES;
				CLANG_WARN_INT_CONVERSION = YES;
				CLANG_WARN_NON_LITERAL_NULL_CONVERSION = YES;
				CLANG_WARN_OBJC_IMPLICIT_RETAIN_SELF = YES;
				CLANG_WARN_OBJC_LITERAL_CONVERSION = YES;
				CLANG_WARN_OBJC_ROOT_CLASS = YES_ERROR;
				CLANG_WARN_RANGE_LOOP_ANALYSIS = YES;
				CLANG_WARN_STRICT_PROTOTYPES = YES;
				CLANG_WARN_SUSPICIOUS_MOVE = YES;
				CLANG_WARN_UNGUARDED_AVAILABILITY = YES_AGGRESSIVE;
				CLANG_WARN_UNREACHABLE_CODE = YES;
				CLANG_WARN__DUPLICATE_METHOD_MATCH = YES;
				CODE_SIGN_IDENTITY = "iPhone Developer";
				COPY_PHASE_STRIP = NO;
				CURRENT_PROJECT_VERSION = 1;
				DEBUG_INFORMATION_FORMAT = "dwarf-with-dsym";
				ENABLE_NS_ASSERTIONS = NO;
				ENABLE_STRICT_OBJC_MSGSEND = YES;
				GCC_C_LANGUAGE_STANDARD = gnu11;
				GCC_NO_COMMON_BLOCKS = YES;
				GCC_WARN_64_TO_32_BIT_CONVERSION = YES;
				GCC_WARN_ABOUT_RETURN_TYPE = YES_ERROR;
				GCC_WARN_UNDECLARED_SELECTOR = YES;
				GCC_WARN_UNINITIALIZED_AUTOS = YES_AGGRESSIVE;
				GCC_WARN_UNUSED_FUNCTION = YES;
				GCC_WARN_UNUSED_VARIABLE = YES;
				IPHONEOS_DEPLOYMENT_TARGET = 11.4;
				MTL_ENABLE_DEBUG_INFO = NO;
				SDKROOT = iphoneos;
				SWIFT_COMPILATION_MODE = wholemodule;
				SWIFT_OPTIMIZATION_LEVEL = "-O";
				VALIDATE_PRODUCT = YES;
				VERSIONING_SYSTEM = "apple-generic";
				VERSION_INFO_PREFIX = "";
			};
			name = Release;
		};
		A9B1C77A20ED1BE500A11593 /* Debug */ = {
			isa = XCBuildConfiguration;
			buildSettings = {
				CLANG_ENABLE_MODULES = YES;
				CODE_SIGN_IDENTITY = "";
				CODE_SIGN_STYLE = Automatic;
				DEFINES_MODULE = YES;
				DEVELOPMENT_TEAM = 27ZYBRBPV8;
				DYLIB_COMPATIBILITY_VERSION = 1;
				DYLIB_CURRENT_VERSION = 1;
				DYLIB_INSTALL_NAME_BASE = "@rpath";
				INFOPLIST_FILE = Box/Info.plist;
				INSTALL_PATH = "$(LOCAL_LIBRARY_DIR)/Frameworks";
				LD_RUNPATH_SEARCH_PATHS = (
					"$(inherited)",
					"@executable_path/Frameworks",
					"@loader_path/Frameworks",
				);
				PRODUCT_BUNDLE_IDENTIFIER = FrancisAlex.Box;
				PRODUCT_NAME = "$(TARGET_NAME:c99extidentifier)";
				SKIP_INSTALL = YES;
				SWIFT_OPTIMIZATION_LEVEL = "-Onone";
				SWIFT_VERSION = 4.0;
				TARGETED_DEVICE_FAMILY = "1,2";
			};
			name = Debug;
		};
		A9B1C77B20ED1BE500A11593 /* Release */ = {
			isa = XCBuildConfiguration;
			buildSettings = {
				CLANG_ENABLE_MODULES = YES;
				CODE_SIGN_IDENTITY = "";
				CODE_SIGN_STYLE = Automatic;
				DEFINES_MODULE = YES;
				DEVELOPMENT_TEAM = 27ZYBRBPV8;
				DYLIB_COMPATIBILITY_VERSION = 1;
				DYLIB_CURRENT_VERSION = 1;
				DYLIB_INSTALL_NAME_BASE = "@rpath";
				INFOPLIST_FILE = Box/Info.plist;
				INSTALL_PATH = "$(LOCAL_LIBRARY_DIR)/Frameworks";
				LD_RUNPATH_SEARCH_PATHS = (
					"$(inherited)",
					"@executable_path/Frameworks",
					"@loader_path/Frameworks",
				);
				PRODUCT_BUNDLE_IDENTIFIER = FrancisAlex.Box;
				PRODUCT_NAME = "$(TARGET_NAME:c99extidentifier)";
				SKIP_INSTALL = YES;
				SWIFT_VERSION = 4.0;
				TARGETED_DEVICE_FAMILY = "1,2";
			};
			name = Release;
		};
		A9B1C79020ED1BF600A11593 /* Debug */ = {
			isa = XCBuildConfiguration;
			buildSettings = {
				ALWAYS_EMBED_SWIFT_STANDARD_LIBRARIES = YES;
				ASSETCATALOG_COMPILER_APPICON_NAME = AppIcon;
				CODE_SIGN_STYLE = Automatic;
				DEVELOPMENT_TEAM = 27ZYBRBPV8;
				INFOPLIST_FILE = demo/Info.plist;
				LD_RUNPATH_SEARCH_PATHS = (
					"$(inherited)",
					"@executable_path/Frameworks",
				);
				PRODUCT_BUNDLE_IDENTIFIER = FrancisAlex.demo;
				PRODUCT_NAME = "$(TARGET_NAME)";
				SWIFT_VERSION = 4.0;
				TARGETED_DEVICE_FAMILY = "1,2";
			};
			name = Debug;
		};
		A9B1C79120ED1BF600A11593 /* Release */ = {
			isa = XCBuildConfiguration;
			buildSettings = {
				ALWAYS_EMBED_SWIFT_STANDARD_LIBRARIES = YES;
				ASSETCATALOG_COMPILER_APPICON_NAME = AppIcon;
				CODE_SIGN_STYLE = Automatic;
				DEVELOPMENT_TEAM = 27ZYBRBPV8;
				INFOPLIST_FILE = demo/Info.plist;
				LD_RUNPATH_SEARCH_PATHS = (
					"$(inherited)",
					"@executable_path/Frameworks",
				);
				PRODUCT_BUNDLE_IDENTIFIER = FrancisAlex.demo;
				PRODUCT_NAME = "$(TARGET_NAME)";
				SWIFT_VERSION = 4.0;
				TARGETED_DEVICE_FAMILY = "1,2";
			};
			name = Release;
		};
/* End XCBuildConfiguration section */

/* Begin XCConfigurationList section */
		A9B1C76B20ED1BE500A11593 /* Build configuration list for PBXProject "Box" */ = {
			isa = XCConfigurationList;
			buildConfigurations = (
				A9B1C77720ED1BE500A11593 /* Debug */,
				A9B1C77820ED1BE500A11593 /* Release */,
			);
			defaultConfigurationIsVisible = 0;
			defaultConfigurationName = Release;
		};
		A9B1C77920ED1BE500A11593 /* Build configuration list for PBXNativeTarget "Box" */ = {
			isa = XCConfigurationList;
			buildConfigurations = (
				A9B1C77A20ED1BE500A11593 /* Debug */,
				A9B1C77B20ED1BE500A11593 /* Release */,
			);
			defaultConfigurationIsVisible = 0;
			defaultConfigurationName = Release;
		};
		A9B1C78F20ED1BF600A11593 /* Build configuration list for PBXNativeTarget "demo" */ = {
			isa = XCConfigurationList;
			buildConfigurations = (
				A9B1C79020ED1BF600A11593 /* Debug */,
				A9B1C79120ED1BF600A11593 /* Release */,
			);
			defaultConfigurationIsVisible = 0;
			defaultConfigurationName = Release;
		};
/* End XCConfigurationList section */
	};
	rootObject = A9B1C76820ED1BE500A11593 /* Project object */;
}
